// !$*UTF8*$!
{
	archiveVersion = 1;
	classes = {
	};
	objectVersion = 77;
	objects = {

/* Begin PBXBuildFile section */
		1459CCAE375044EDA72035F2 /* VittoraCore in Frameworks */ = {isa = PBXBuildFile; productRef = A8F5003D38B14A1DB173235D /* VittoraCore */; };
		B7735C152FF2BFEF000CABD6 /* VittoraCore in Frameworks */ = {isa = PBXBuildFile; productRef = D72FE9022F8B93AA00B6FF9D /* VittoraCore */; };
		B7735C162FF2BFEF000CABD6 /* VittoraCore in Frameworks */ = {isa = PBXBuildFile; productRef = D72FE9032F8B93AA00B6FF9D /* VittoraCore */; };
		E9A1B2C3D4E5F60718293A4B /* VittoraWidgets.appex in Embed Foundation Extensions */ = {isa = PBXBuildFile; fileRef = CD6C9E6E8EB24E8296EE10C8 /* VittoraWidgets.appex */; platformFilter = ios; settings = {ATTRIBUTES = (RemoveHeadersOnCopy, ); }; };
		F101A001A2B30000000007 /* VittoraWatch.app in Embed Watch Content */ = {isa = PBXBuildFile; fileRef = F101A001A2B30000000001 /* VittoraWatch.app */; platformFilter = ios; settings = {ATTRIBUTES = (RemoveHeadersOnCopy, ); }; };
		F101A001A2B30000000008 /* VittoraCore in Frameworks */ = {isa = PBXBuildFile; productRef = F101A001A2B30000000009 /* VittoraCore */; };
		F103A001A2B30000000007 /* VittoraWatchWidgets.appex in Embed Foundation Extensions */ = {isa = PBXBuildFile; fileRef = F103A001A2B30000000001 /* VittoraWatchWidgets.appex */; settings = {ATTRIBUTES = (RemoveHeadersOnCopy, ); }; };
		F103A001A2B30000000008 /* VittoraCore in Frameworks */ = {isa = PBXBuildFile; productRef = F103A001A2B30000000009 /* VittoraCore */; };
		F104A001A2B30000000001 /* VittoraWatch/WatchSnapshotStore.swift in Sources */ = {isa = PBXBuildFile; fileRef = F104A001A2B30000000002 /* VittoraWatch/WatchSnapshotStore.swift */; };
/* End PBXBuildFile section */

/* Begin PBXContainerItemProxy section */
		38F25EE5E27B4D328420BD71 /* PBXContainerItemProxy */ = {
			isa = PBXContainerItemProxy;
			containerPortal = B72FE7DE2F8B92F900B6FF9D /* Project object */;
			proxyType = 1;
			remoteGlobalIDString = 011F8C4246E3434AA504D0DF;
			remoteInfo = VittoraWidgets;
		};
		B72FE7F82F8B92FA00B6FF9D /* PBXContainerItemProxy */ = {
			isa = PBXContainerItemProxy;
			containerPortal = B72FE7DE2F8B92F900B6FF9D /* Project object */;
			proxyType = 1;
			remoteGlobalIDString = B72FE7E52F8B92F900B6FF9D;
			remoteInfo = Vittora;
		};
		B72FE8022F8B92FA00B6FF9D /* PBXContainerItemProxy */ = {
			isa = PBXContainerItemProxy;
			containerPortal = B72FE7DE2F8B92F900B6FF9D /* Project object */;
			proxyType = 1;
			remoteGlobalIDString = B72FE7E52F8B92F900B6FF9D;
			remoteInfo = Vittora;
		};
		F101A001A2B3000000000C /* PBXContainerItemProxy */ = {
			isa = PBXContainerItemProxy;
			containerPortal = B72FE7DE2F8B92F900B6FF9D /* Project object */;
			proxyType = 1;
			remoteGlobalIDString = F101A001A2B30000000002;
			remoteInfo = VittoraWatch;
		};
		F103A001A2B3000000000C /* PBXContainerItemProxy */ = {
			isa = PBXContainerItemProxy;
			containerPortal = B72FE7DE2F8B92F900B6FF9D /* Project object */;
			proxyType = 1;
			remoteGlobalIDString = F103A001A2B30000000002;
			remoteInfo = VittoraWatchWidgets;
		};
/* End PBXContainerItemProxy section */

/* Begin PBXCopyFilesBuildPhase section */
		F101A001A2B30000000006 /* Embed Watch Content */ = {
			isa = PBXCopyFilesBuildPhase;
			buildActionMask = 2147483647;
			dstPath = "$(CONTENTS_FOLDER_PATH)/Watch";
			dstSubfolderSpec = 16;
			files = (
				F101A001A2B30000000007 /* VittoraWatch.app in Embed Watch Content */,
			);
			name = "Embed Watch Content";
			runOnlyForDeploymentPostprocessing = 0;
		};
		F103A001A2B30000000006 /* Embed Foundation Extensions */ = {
			isa = PBXCopyFilesBuildPhase;
			buildActionMask = 2147483647;
			dstPath = "";
			dstSubfolderSpec = 13;
			files = (
				F103A001A2B30000000007 /* VittoraWatchWidgets.appex in Embed Foundation Extensions */,
			);
			name = "Embed Foundation Extensions";
			runOnlyForDeploymentPostprocessing = 0;
		};
		F7781BDABC6D45CEBA23A801 /* Embed Foundation Extensions */ = {
			isa = PBXCopyFilesBuildPhase;
			buildActionMask = 2147483647;
			dstPath = "";
			dstSubfolderSpec = 13;
			files = (
				E9A1B2C3D4E5F60718293A4B /* VittoraWidgets.appex in Embed Foundation Extensions */,
			);
			name = "Embed Foundation Extensions";
			runOnlyForDeploymentPostprocessing = 0;
		};
/* End PBXCopyFilesBuildPhase section */

/* Begin PBXFileReference section */
		B72FE7E62F8B92F900B6FF9D /* Vittora.app */ = {isa = PBXFileReference; explicitFileType = wrapper.application; includeInIndex = 0; path = Vittora.app; sourceTree = BUILT_PRODUCTS_DIR; };
		B72FE7F72F8B92FA00B6FF9D /* VittoraTests.xctest */ = {isa = PBXFileReference; explicitFileType = wrapper.cfbundle; includeInIndex = 0; path = VittoraTests.xctest; sourceTree = BUILT_PRODUCTS_DIR; };
		B72FE8012F8B92FA00B6FF9D /* VittoraUITests.xctest */ = {isa = PBXFileReference; explicitFileType = wrapper.cfbundle; includeInIndex = 0; path = VittoraUITests.xctest; sourceTree = BUILT_PRODUCTS_DIR; };
		CD6C9E6E8EB24E8296EE10C8 /* VittoraWidgets.appex */ = {isa = PBXFileReference; explicitFileType = "wrapper.app-extension"; includeInIndex = 0; path = VittoraWidgets.appex; sourceTree = BUILT_PRODUCTS_DIR; };
		F101A001A2B30000000001 /* VittoraWatch.app */ = {isa = PBXFileReference; explicitFileType = wrapper.application; includeInIndex = 0; path = VittoraWatch.app; sourceTree = BUILT_PRODUCTS_DIR; };
		F103A001A2B30000000001 /* VittoraWatchWidgets.appex */ = {isa = PBXFileReference; explicitFileType = "wrapper.app-extension"; includeInIndex = 0; path = VittoraWatchWidgets.appex; sourceTree = BUILT_PRODUCTS_DIR; };
		F104A001A2B30000000002 /* VittoraWatch/WatchSnapshotStore.swift */ = {isa = PBXFileReference; lastKnownFileType = sourcecode.swift; path = VittoraWatch/WatchSnapshotStore.swift; sourceTree = SOURCE_ROOT; };
/* End PBXFileReference section */

/* Begin PBXFileSystemSynchronizedBuildFileExceptionSet section */
		5F5905F888CB461D8CC97BF9 /* Exceptions for "VittoraWidgets" folder in "VittoraWidgets" target */ = {
			isa = PBXFileSystemSynchronizedBuildFileExceptionSet;
			membershipExceptions = (
				Info.plist,
			);
			target = 011F8C4246E3434AA504D0DF /* VittoraWidgets */;
		};
		B72FE8092F8B92FA00B6FF9D /* Exceptions for "Vittora" folder in "Vittora" target */ = {
			isa = PBXFileSystemSynchronizedBuildFileExceptionSet;
			membershipExceptions = (
				Info.plist,
			);
			target = B72FE7E52F8B92F900B6FF9D /* Vittora */;
		};
		F101A001A2B3000000000B /* Exceptions for "VittoraWatch" folder in "VittoraWatch" target */ = {
			isa = PBXFileSystemSynchronizedBuildFileExceptionSet;
			membershipExceptions = (
				Info.plist,
			);
			target = F101A001A2B30000000002 /* VittoraWatch */;
		};
		F103A001A2B3000000000B /* Exceptions for "VittoraWatchWidgets" folder in "VittoraWatchWidgets" target */ = {
			isa = PBXFileSystemSynchronizedBuildFileExceptionSet;
			membershipExceptions = (
				Info.plist,
			);
			target = F103A001A2B30000000002 /* VittoraWatchWidgets */;
		};
/* End PBXFileSystemSynchronizedBuildFileExceptionSet section */

/* Begin PBXFileSystemSynchronizedRootGroup section */
		ABE20936CD32497384B7F9CC /* VittoraWidgets */ = {
			isa = PBXFileSystemSynchronizedRootGroup;
			exceptions = (
				5F5905F888CB461D8CC97BF9 /* Exceptions for "VittoraWidgets" folder in "VittoraWidgets" target */,
			);
			path = VittoraWidgets;
			sourceTree = "<group>";
		};
		B72FE7E82F8B92F900B6FF9D /* Vittora */ = {
			isa = PBXFileSystemSynchronizedRootGroup;
			exceptions = (
				B72FE8092F8B92FA00B6FF9D /* Exceptions for "Vittora" folder in "Vittora" target */,
			);
			path = Vittora;
			sourceTree = "<group>";
		};
		B72FE7FA2F8B92FA00B6FF9D /* VittoraTests */ = {
			isa = PBXFileSystemSynchronizedRootGroup;
			path = VittoraTests;
			sourceTree = "<group>";
		};
		B72FE8042F8B92FA00B6FF9D /* VittoraUITests */ = {
			isa = PBXFileSystemSynchronizedRootGroup;
			path = VittoraUITests;
			sourceTree = "<group>";
		};
		F101A001A2B3000000000A /* VittoraWatch */ = {
			isa = PBXFileSystemSynchronizedRootGroup;
			exceptions = (
				F101A001A2B3000000000B /* Exceptions for "VittoraWatch" folder in "VittoraWatch" target */,
			);
			path = VittoraWatch;
			sourceTree = "<group>";
		};
		F103A001A2B3000000000A /* VittoraWatchWidgets */ = {
			isa = PBXFileSystemSynchronizedRootGroup;
			exceptions = (
				F103A001A2B3000000000B /* Exceptions for "VittoraWatchWidgets" folder in "VittoraWatchWidgets" target */,
			);
			path = VittoraWatchWidgets;
			sourceTree = "<group>";
		};
/* End PBXFileSystemSynchronizedRootGroup section */

/* Begin PBXFrameworksBuildPhase section */
		45935FE375B74CFCB6695D9B /* Frameworks */ = {
			isa = PBXFrameworksBuildPhase;
			buildActionMask = 2147483647;
			files = (
				1459CCAE375044EDA72035F2 /* VittoraCore in Frameworks */,
			);
			runOnlyForDeploymentPostprocessing = 0;
		};
		B72FE7E32F8B92F900B6FF9D /* Frameworks */ = {
			isa = PBXFrameworksBuildPhase;
			buildActionMask = 2147483647;
			files = (
				B7735C152FF2BFEF000CABD6 /* VittoraCore in Frameworks */,
			);
			runOnlyForDeploymentPostprocessing = 0;
		};
		B72FE7F42F8B92FA00B6FF9D /* Frameworks */ = {
			isa = PBXFrameworksBuildPhase;
			buildActionMask = 2147483647;
			files = (
				B7735C162FF2BFEF000CABD6 /* VittoraCore in Frameworks */,
			);
			runOnlyForDeploymentPostprocessing = 0;
		};
		B72FE7FE2F8B92FA00B6FF9D /* Frameworks */ = {
			isa = PBXFrameworksBuildPhase;
			buildActionMask = 2147483647;
			files = (
			);
			runOnlyForDeploymentPostprocessing = 0;
		};
		F101A001A2B30000000004 /* Frameworks */ = {
			isa = PBXFrameworksBuildPhase;
			buildActionMask = 2147483647;
			files = (
				F101A001A2B30000000008 /* VittoraCore in Frameworks */,
			);
			runOnlyForDeploymentPostprocessing = 0;
		};
		F103A001A2B30000000004 /* Frameworks */ = {
			isa = PBXFrameworksBuildPhase;
			buildActionMask = 2147483647;
			files = (
				F103A001A2B30000000008 /* VittoraCore in Frameworks */,
			);
			runOnlyForDeploymentPostprocessing = 0;
		};
/* End PBXFrameworksBuildPhase section */

/* Begin PBXGroup section */
		B72FE7DD2F8B92F900B6FF9D = {
			isa = PBXGroup;
			children = (
				B72FE7E82F8B92F900B6FF9D /* Vittora */,
				B72FE7FA2F8B92FA00B6FF9D /* VittoraTests */,
				B72FE8042F8B92FA00B6FF9D /* VittoraUITests */,
				ABE20936CD32497384B7F9CC /* VittoraWidgets */,
				F101A001A2B3000000000A /* VittoraWatch */,
				F103A001A2B3000000000A /* VittoraWatchWidgets */,
				B72FE7E72F8B92F900B6FF9D /* Products */,
				B7B4491D300F60CF00750F6D /* Recovered References */,
			);
			sourceTree = "<group>";
		};
		B72FE7E72F8B92F900B6FF9D /* Products */ = {
			isa = PBXGroup;
			children = (
				B72FE7E62F8B92F900B6FF9D /* Vittora.app */,
				B72FE7F72F8B92FA00B6FF9D /* VittoraTests.xctest */,
				B72FE8012F8B92FA00B6FF9D /* VittoraUITests.xctest */,
				CD6C9E6E8EB24E8296EE10C8 /* VittoraWidgets.appex */,
				F101A001A2B30000000001 /* VittoraWatch.app */,
				F103A001A2B30000000001 /* VittoraWatchWidgets.appex */,
			);
			name = Products;
			sourceTree = "<group>";
		};
		B7B4491D300F60CF00750F6D /* Recovered References */ = {
			isa = PBXGroup;
			children = (
				F104A001A2B30000000002 /* VittoraWatch/WatchSnapshotStore.swift */,
			);
			name = "Recovered References";
			sourceTree = "<group>";
		};
/* End PBXGroup section */

/* Begin PBXNativeTarget section */
		011F8C4246E3434AA504D0DF /* VittoraWidgets */ = {
			isa = PBXNativeTarget;
			buildConfigurationList = A23204D6149F427989EA5AE7 /* Build configuration list for PBXNativeTarget "VittoraWidgets" */;
			buildPhases = (
				4BD9317EB0DE4EB3A1CD2C78 /* Sources */,
				45935FE375B74CFCB6695D9B /* Frameworks */,
				8A6CA9175A2149E8B0FBF1E6 /* Resources */,
			);
			buildRules = (
			);
			dependencies = (
			);
			fileSystemSynchronizedGroups = (
				ABE20936CD32497384B7F9CC /* VittoraWidgets */,
			);
			name = VittoraWidgets;
			packageProductDependencies = (
				A8F5003D38B14A1DB173235D /* VittoraCore */,
			);
			productName = VittoraWidgets;
			productReference = CD6C9E6E8EB24E8296EE10C8 /* VittoraWidgets.appex */;
			productType = "com.apple.product-type.app-extension";
		};
		B72FE7E52F8B92F900B6FF9D /* Vittora */ = {
			isa = PBXNativeTarget;
			buildConfigurationList = B72FE80A2F8B92FA00B6FF9D /* Build configuration list for PBXNativeTarget "Vittora" */;
			buildPhases = (
				B72FE7E22F8B92F900B6FF9D /* Sources */,
				B72FE7E32F8B92F900B6FF9D /* Frameworks */,
				B72FE7E42F8B92F900B6FF9D /* Resources */,
				F7781BDABC6D45CEBA23A801 /* Embed Foundation Extensions */,
				F101A001A2B30000000006 /* Embed Watch Content */,
			);
			buildRules = (
			);
			dependencies = (
				56FEB248FB4249B1A724F407 /* PBXTargetDependency */,
				F101A001A2B3000000000D /* PBXTargetDependency */,
			);
			fileSystemSynchronizedGroups = (
				B72FE7E82F8B92F900B6FF9D /* Vittora */,
			);
			name = Vittora;
			packageProductDependencies = (
				D72FE9022F8B93AA00B6FF9D /* VittoraCore */,
			);
			productName = Vittora;
			productReference = B72FE7E62F8B92F900B6FF9D /* Vittora.app */;
			productType = "com.apple.product-type.application";
		};
		B72FE7F62F8B92FA00B6FF9D /* VittoraTests */ = {
			isa = PBXNativeTarget;
			buildConfigurationList = B72FE80F2F8B92FA00B6FF9D /* Build configuration list for PBXNativeTarget "VittoraTests" */;
			buildPhases = (
				B72FE7F32F8B92FA00B6FF9D /* Sources */,
				B72FE7F42F8B92FA00B6FF9D /* Frameworks */,
				B72FE7F52F8B92FA00B6FF9D /* Resources */,
			);
			buildRules = (
			);
			dependencies = (
				B72FE7F92F8B92FA00B6FF9D /* PBXTargetDependency */,
			);
			fileSystemSynchronizedGroups = (
				B72FE7FA2F8B92FA00B6FF9D /* VittoraTests */,
			);
			name = VittoraTests;
			packageProductDependencies = (
				D72FE9032F8B93AA00B6FF9D /* VittoraCore */,
			);
			productName = VittoraTests;
			productReference = B72FE7F72F8B92FA00B6FF9D /* VittoraTests.xctest */;
			productType = "com.apple.product-type.bundle.unit-test";
		};
		B72FE8002F8B92FA00B6FF9D /* VittoraUITests */ = {
			isa = PBXNativeTarget;
			buildConfigurationList = B72FE8122F8B92FA00B6FF9D /* Build configuration list for PBXNativeTarget "VittoraUITests" */;
			buildPhases = (
				B72FE7FD2F8B92FA00B6FF9D /* Sources */,
				B72FE7FE2F8B92FA00B6FF9D /* Frameworks */,
				B72FE7FF2F8B92FA00B6FF9D /* Resources */,
			);
			buildRules = (
			);
			dependencies = (
				B72FE8032F8B92FA00B6FF9D /* PBXTargetDependency */,
			);
			fileSystemSynchronizedGroups = (
				B72FE8042F8B92FA00B6FF9D /* VittoraUITests */,
			);
			name = VittoraUITests;
			packageProductDependencies = (
			);
			productName = VittoraUITests;
			productReference = B72FE8012F8B92FA00B6FF9D /* VittoraUITests.xctest */;
			productType = "com.apple.product-type.bundle.ui-testing";
		};
		F101A001A2B30000000002 /* VittoraWatch */ = {
			isa = PBXNativeTarget;
			buildConfigurationList = F101A001A2B3000000000E /* Build configuration list for PBXNativeTarget "VittoraWatch" */;
			buildPhases = (
				F101A001A2B30000000003 /* Sources */,
				F101A001A2B30000000004 /* Frameworks */,
				F101A001A2B30000000005 /* Resources */,
				F103A001A2B30000000006 /* Embed Foundation Extensions */,
			);
			buildRules = (
			);
			dependencies = (
				F103A001A2B3000000000D /* PBXTargetDependency */,
			);
			fileSystemSynchronizedGroups = (
				F101A001A2B3000000000A /* VittoraWatch */,
			);
			name = VittoraWatch;
			packageProductDependencies = (
				F101A001A2B30000000009 /* VittoraCore */,
			);
			productName = VittoraWatch;
			productReference = F101A001A2B30000000001 /* VittoraWatch.app */;
			productType = "com.apple.product-type.application";
		};
		F103A001A2B30000000002 /* VittoraWatchWidgets */ = {
			isa = PBXNativeTarget;
			buildConfigurationList = F103A001A2B3000000000E /* Build configuration list for PBXNativeTarget "VittoraWatchWidgets" */;
			buildPhases = (
				F103A001A2B30000000003 /* Sources */,
				F103A001A2B30000000004 /* Frameworks */,
				F103A001A2B30000000005 /* Resources */,
			);
			buildRules = (
			);
			dependencies = (
			);
			fileSystemSynchronizedGroups = (
				F103A001A2B3000000000A /* VittoraWatchWidgets */,
			);
			name = VittoraWatchWidgets;
			packageProductDependencies = (
				F103A001A2B30000000009 /* VittoraCore */,
			);
			productName = VittoraWatchWidgets;
			productReference = F103A001A2B30000000001 /* VittoraWatchWidgets.appex */;
			productType = "com.apple.product-type.app-extension";
		};
/* End PBXNativeTarget section */

/* Begin PBXProject section */
		B72FE7DE2F8B92F900B6FF9D /* Project object */ = {
			isa = PBXProject;
			attributes = {
				BuildIndependentTargetsInParallel = 1;
				LastSwiftUpdateCheck = 2640;
				LastUpgradeCheck = 2640;
				TargetAttributes = {
					011F8C4246E3434AA504D0DF = {
						CreatedOnToolsVersion = 26.4;
					};
					B72FE7E52F8B92F900B6FF9D = {
						CreatedOnToolsVersion = 26.4;
					};
					B72FE7F62F8B92FA00B6FF9D = {
						CreatedOnToolsVersion = 26.4;
						TestTargetID = B72FE7E52F8B92F900B6FF9D;
					};
					B72FE8002F8B92FA00B6FF9D = {
						CreatedOnToolsVersion = 26.4;
						TestTargetID = B72FE7E52F8B92F900B6FF9D;
					};
					F101A001A2B30000000002 = {
						CreatedOnToolsVersion = 26.4;
					};
					F103A001A2B30000000002 = {
						CreatedOnToolsVersion = 26.4;
					};
				};
			};
			buildConfigurationList = B72FE7E12F8B92F900B6FF9D /* Build configuration list for PBXProject "Vittora" */;
			developmentRegion = en;
			hasScannedForEncodings = 0;
			knownRegions = (
				en,
				hi,
				Base,
			);
			mainGroup = B72FE7DD2F8B92F900B6FF9D;
			minimizedProjectReferenceProxies = 1;
			packageReferences = (
				D72FE9012F8B93AA00B6FF9D /* XCLocalSwiftPackageReference "Packages/VittoraCore" */,
			);
			preferredProjectObjectVersion = 77;
			productRefGroup = B72FE7E72F8B92F900B6FF9D /* Products */;
			projectDirPath = "";
			projectRoot = "";
			targets = (
				B72FE7E52F8B92F900B6FF9D /* Vittora */,
				B72FE7F62F8B92FA00B6FF9D /* VittoraTests */,
				B72FE8002F8B92FA00B6FF9D /* VittoraUITests */,
				011F8C4246E3434AA504D0DF /* VittoraWidgets */,
				F101A001A2B30000000002 /* VittoraWatch */,
				F103A001A2B30000000002 /* VittoraWatchWidgets */,
			);
		};
/* End PBXProject section */

/* Begin PBXResourcesBuildPhase section */
		8A6CA9175A2149E8B0FBF1E6 /* Resources */ = {
			isa = PBXResourcesBuildPhase;
			buildActionMask = 2147483647;
			files = (
			);
			runOnlyForDeploymentPostprocessing = 0;
		};
		B72FE7E42F8B92F900B6FF9D /* Resources */ = {
			isa = PBXResourcesBuildPhase;
			buildActionMask = 2147483647;
			files = (
			);
			runOnlyForDeploymentPostprocessing = 0;
		};
		B72FE7F52F8B92FA00B6FF9D /* Resources */ = {
			isa = PBXResourcesBuildPhase;
			buildActionMask = 2147483647;
			files = (
			);
			runOnlyForDeploymentPostprocessing = 0;
		};
		B72FE7FF2F8B92FA00B6FF9D /* Resources */ = {
			isa = PBXResourcesBuildPhase;
			buildActionMask = 2147483647;
			files = (
			);
			runOnlyForDeploymentPostprocessing = 0;
		};
		F101A001A2B30000000005 /* Resources */ = {
			isa = PBXResourcesBuildPhase;
			buildActionMask = 2147483647;
			files = (
			);
			runOnlyForDeploymentPostprocessing = 0;
		};
		F103A001A2B30000000005 /* Resources */ = {
			isa = PBXResourcesBuildPhase;
			buildActionMask = 2147483647;
			files = (
			);
			runOnlyForDeploymentPostprocessing = 0;
		};
/* End PBXResourcesBuildPhase section */

/* Begin PBXSourcesBuildPhase section */
		4BD9317EB0DE4EB3A1CD2C78 /* Sources */ = {
			isa = PBXSourcesBuildPhase;
			buildActionMask = 2147483647;
			files = (
			);
			runOnlyForDeploymentPostprocessing = 0;
		};
		B72FE7E22F8B92F900B6FF9D /* Sources */ = {
			isa = PBXSourcesBuildPhase;
			buildActionMask = 2147483647;
			files = (
			);
			runOnlyForDeploymentPostprocessing = 0;
		};
		B72FE7F32F8B92FA00B6FF9D /* Sources */ = {
			isa = PBXSourcesBuildPhase;
			buildActionMask = 2147483647;
			files = (
				F104A001A2B30000000001 /* VittoraWatch/WatchSnapshotStore.swift in Sources */,
			);
			runOnlyForDeploymentPostprocessing = 0;
		};
		B72FE7FD2F8B92FA00B6FF9D /* Sources */ = {
			isa = PBXSourcesBuildPhase;
			buildActionMask = 2147483647;
			files = (
			);
			runOnlyForDeploymentPostprocessing = 0;
		};
		F101A001A2B30000000003 /* Sources */ = {
			isa = PBXSourcesBuildPhase;
			buildActionMask = 2147483647;
			files = (
			);
			runOnlyForDeploymentPostprocessing = 0;
		};
		F103A001A2B30000000003 /* Sources */ = {
			isa = PBXSourcesBuildPhase;
			buildActionMask = 2147483647;
			files = (
			);
			runOnlyForDeploymentPostprocessing = 0;
		};
/* End PBXSourcesBuildPhase section */

/* Begin PBXTargetDependency section */
		56FEB248FB4249B1A724F407 /* PBXTargetDependency */ = {
			isa = PBXTargetDependency;
			platformFilter = ios;
			target = 011F8C4246E3434AA504D0DF /* VittoraWidgets */;
			targetProxy = 38F25EE5E27B4D328420BD71 /* PBXContainerItemProxy */;
		};
		B72FE7F92F8B92FA00B6FF9D /* PBXTargetDependency */ = {
			isa = PBXTargetDependency;
			target = B72FE7E52F8B92F900B6FF9D /* Vittora */;
			targetProxy = B72FE7F82F8B92FA00B6FF9D /* PBXContainerItemProxy */;
		};
		B72FE8032F8B92FA00B6FF9D /* PBXTargetDependency */ = {
			isa = PBXTargetDependency;
			target = B72FE7E52F8B92F900B6FF9D /* Vittora */;
			targetProxy = B72FE8022F8B92FA00B6FF9D /* PBXContainerItemProxy */;
		};
		F101A001A2B3000000000D /* PBXTargetDependency */ = {
			isa = PBXTargetDependency;
			platformFilter = ios;
			target = F101A001A2B30000000002 /* VittoraWatch */;
			targetProxy = F101A001A2B3000000000C /* PBXContainerItemProxy */;
		};
		F103A001A2B3000000000D /* PBXTargetDependency */ = {
			isa = PBXTargetDependency;
			target = F103A001A2B30000000002 /* VittoraWatchWidgets */;
			targetProxy = F103A001A2B3000000000C /* PBXContainerItemProxy */;
		};
/* End PBXTargetDependency section */

/* Begin XCBuildConfiguration section */
		86ADF786299C4464848D2A2D /* Release */ = {
			isa = XCBuildConfiguration;
			buildSettings = {
				CODE_SIGN_ENTITLEMENTS = VittoraWidgets/VittoraWidgets.entitlements;
				CODE_SIGN_STYLE = Automatic;
				CURRENT_PROJECT_VERSION = 6;
				DEVELOPMENT_TEAM = 5467B6PB2R;
				GENERATE_INFOPLIST_FILE = YES;
				INFOPLIST_FILE = VittoraWidgets/Info.plist;
				INFOPLIST_KEY_CFBundleDisplayName = Vittora;
				INFOPLIST_KEY_NSHumanReadableCopyright = "";
				IPHONEOS_DEPLOYMENT_TARGET = 26.0;
				LD_RUNPATH_SEARCH_PATHS = (
					"$(inherited)",
					"@executable_path/Frameworks",
					"@executable_path/../../Frameworks",
				);
				MARKETING_VERSION = 1.4.0;
				PRODUCT_BUNDLE_IDENTIFIER = com.enerjiktech.vittora.widgets;
				PRODUCT_NAME = "$(TARGET_NAME)";
				REGISTER_APP_GROUPS = YES;
				SDKROOT = iphoneos;
				SKIP_INSTALL = YES;
				STRING_CATALOG_GENERATE_SYMBOLS = YES;
				SUPPORTED_PLATFORMS = "iphoneos iphonesimulator";
				SUPPORTS_MACCATALYST = NO;
				SWIFT_APPROACHABLE_CONCURRENCY = YES;
				SWIFT_EMIT_LOC_STRINGS = YES;
				SWIFT_STRICT_CONCURRENCY = complete;
				SWIFT_UPCOMING_FEATURE_MEMBER_IMPORT_VISIBILITY = YES;
				SWIFT_VERSION = 6.0;
				TARGETED_DEVICE_FAMILY = "1,2";
			};
			name = Release;
		};
		B72FE80B2F8B92FA00B6FF9D /* Debug */ = {
			isa = XCBuildConfiguration;
			buildSettings = {
				ASSETCATALOG_COMPILER_APPICON_NAME = AppIcon;
				ASSETCATALOG_COMPILER_GLOBAL_ACCENT_COLOR_NAME = AccentColor;
				CODE_SIGN_ENTITLEMENTS = Vittora/Vittora.entitlements;
				"CODE_SIGN_ENTITLEMENTS[sdk=macosx*]" = "Vittora/Vittora-macOS.entitlements";
				CODE_SIGN_STYLE = Automatic;
				CURRENT_PROJECT_VERSION = 6;
				DEVELOPMENT_TEAM = 5467B6PB2R;
				ENABLE_APP_SANDBOX = YES;
				ENABLE_HARDENED_RUNTIME = YES;
				ENABLE_PREVIEWS = YES;
				ENABLE_USER_SELECTED_FILES = readonly;
				EXCLUDED_SOURCE_FILE_NAMES = .gitkeep;
				GENERATE_INFOPLIST_FILE = YES;
				INFOPLIST_FILE = Vittora/Info.plist;
				INFOPLIST_KEY_CFBundleDisplayName = Vittora;
				INFOPLIST_KEY_LSApplicationCategoryType = "public.app-category.finance";
				"INFOPLIST_KEY_UIApplicationSceneManifest_Generation[sdk=iphoneos*]" = YES;
				"INFOPLIST_KEY_UIApplicationSceneManifest_Generation[sdk=iphonesimulator*]" = YES;
				"INFOPLIST_KEY_UIApplicationSupportsIndirectInputEvents[sdk=iphoneos*]" = YES;
				"INFOPLIST_KEY_UIApplicationSupportsIndirectInputEvents[sdk=iphonesimulator*]" = YES;
				"INFOPLIST_KEY_UILaunchScreen_Generation[sdk=iphoneos*]" = YES;
				"INFOPLIST_KEY_UILaunchScreen_Generation[sdk=iphonesimulator*]" = YES;
				"INFOPLIST_KEY_UIStatusBarStyle[sdk=iphoneos*]" = UIStatusBarStyleDefault;
				"INFOPLIST_KEY_UIStatusBarStyle[sdk=iphonesimulator*]" = UIStatusBarStyleDefault;
				INFOPLIST_KEY_UISupportedInterfaceOrientations_iPad = "UIInterfaceOrientationPortrait UIInterfaceOrientationPortraitUpsideDown UIInterfaceOrientationLandscapeLeft UIInterfaceOrientationLandscapeRight";
				INFOPLIST_KEY_UISupportedInterfaceOrientations_iPhone = "UIInterfaceOrientationPortrait UIInterfaceOrientationLandscapeLeft UIInterfaceOrientationLandscapeRight";
				IPHONEOS_DEPLOYMENT_TARGET = 26.0;
				LD_RUNPATH_SEARCH_PATHS = "@executable_path/Frameworks";
				"LD_RUNPATH_SEARCH_PATHS[sdk=macosx*]" = "@executable_path/../Frameworks";
				MACOSX_DEPLOYMENT_TARGET = 26.0;
				MARKETING_VERSION = 1.4.0;
				PRODUCT_BUNDLE_IDENTIFIER = com.enerjiktech.vittora;
				PRODUCT_NAME = "$(TARGET_NAME)";
				REGISTER_APP_GROUPS = YES;
				SDKROOT = auto;
				STRING_CATALOG_GENERATE_SYMBOLS = YES;
				SUPPORTED_PLATFORMS = "iphoneos iphonesimulator macosx";
				SWIFT_APPROACHABLE_CONCURRENCY = YES;
				SWIFT_DEFAULT_ACTOR_ISOLATION = MainActor;
				SWIFT_EMIT_LOC_STRINGS = YES;
				SWIFT_STRICT_CONCURRENCY = complete;
				SWIFT_UPCOMING_FEATURE_MEMBER_IMPORT_VISIBILITY = YES;
				SWIFT_VERSION = 6.0;
				TARGETED_DEVICE_FAMILY = "1,2";
			};
			name = Debug;
		};
		B72FE80C2F8B92FA00B6FF9D /* Release */ = {
			isa = XCBuildConfiguration;
			buildSettings = {
				ASSETCATALOG_COMPILER_APPICON_NAME = AppIcon;
				ASSETCATALOG_COMPILER_GLOBAL_ACCENT_COLOR_NAME = AccentColor;
				CODE_SIGN_ENTITLEMENTS = Vittora/Vittora.entitlements;
				"CODE_SIGN_ENTITLEMENTS[sdk=macosx*]" = "Vittora/Vittora-macOS.entitlements";
				CODE_SIGN_STYLE = Automatic;
				CURRENT_PROJECT_VERSION = 6;
				DEVELOPMENT_TEAM = 5467B6PB2R;
				ENABLE_APP_SANDBOX = YES;
				ENABLE_HARDENED_RUNTIME = YES;
				ENABLE_PREVIEWS = YES;
				ENABLE_USER_SELECTED_FILES = readonly;
				EXCLUDED_SOURCE_FILE_NAMES = .gitkeep;
				GENERATE_INFOPLIST_FILE = YES;
				INFOPLIST_FILE = Vittora/Info.plist;
				INFOPLIST_KEY_CFBundleDisplayName = Vittora;
				INFOPLIST_KEY_LSApplicationCategoryType = "public.app-category.finance";
				"INFOPLIST_KEY_UIApplicationSceneManifest_Generation[sdk=iphoneos*]" = YES;
				"INFOPLIST_KEY_UIApplicationSceneManifest_Generation[sdk=iphonesimulator*]" = YES;
				"INFOPLIST_KEY_UIApplicationSupportsIndirectInputEvents[sdk=iphoneos*]" = YES;
				"INFOPLIST_KEY_UIApplicationSupportsIndirectInputEvents[sdk=iphonesimulator*]" = YES;
				"INFOPLIST_KEY_UILaunchScreen_Generation[sdk=iphoneos*]" = YES;
				"INFOPLIST_KEY_UILaunchScreen_Generation[sdk=iphonesimulator*]" = YES;
				"INFOPLIST_KEY_UIStatusBarStyle[sdk=iphoneos*]" = UIStatusBarStyleDefault;
				"INFOPLIST_KEY_UIStatusBarStyle[sdk=iphonesimulator*]" = UIStatusBarStyleDefault;
				INFOPLIST_KEY_UISupportedInterfaceOrientations_iPad = "UIInterfaceOrientationPortrait UIInterfaceOrientationPortraitUpsideDown UIInterfaceOrientationLandscapeLeft UIInterfaceOrientationLandscapeRight";
				INFOPLIST_KEY_UISupportedInterfaceOrientations_iPhone = "UIInterfaceOrientationPortrait UIInterfaceOrientationLandscapeLeft UIInterfaceOrientationLandscapeRight";
				IPHONEOS_DEPLOYMENT_TARGET = 26.0;
				LD_RUNPATH_SEARCH_PATHS = "@executable_path/Frameworks";
				"LD_RUNPATH_SEARCH_PATHS[sdk=macosx*]" = "@executable_path/../Frameworks";
				MACOSX_DEPLOYMENT_TARGET = 26.0;
				MARKETING_VERSION = 1.4.0;
				PRODUCT_BUNDLE_IDENTIFIER = com.enerjiktech.vittora;
				PRODUCT_NAME = "$(TARGET_NAME)";
				REGISTER_APP_GROUPS = YES;
				SDKROOT = auto;
				STRING_CATALOG_GENERATE_SYMBOLS = YES;
				SUPPORTED_PLATFORMS = "iphoneos iphonesimulator macosx";
				SWIFT_APPROACHABLE_CONCURRENCY = YES;
				SWIFT_DEFAULT_ACTOR_ISOLATION = MainActor;
				SWIFT_EMIT_LOC_STRINGS = YES;
				SWIFT_STRICT_CONCURRENCY = complete;
				SWIFT_UPCOMING_FEATURE_MEMBER_IMPORT_VISIBILITY = YES;
				SWIFT_VERSION = 6.0;
				TARGETED_DEVICE_FAMILY = "1,2";
			};
			name = Release;
		};
		B72FE80D2F8B92FA00B6FF9D /* Debug */ = {
			isa = XCBuildConfiguration;
			buildSettings = {
				ALWAYS_SEARCH_USER_PATHS = NO;
				ASSETCATALOG_COMPILER_GENERATE_SWIFT_ASSET_SYMBOL_EXTENSIONS = YES;
				CLANG_ANALYZER_NONNULL = YES;
				CLANG_ANALYZER_NUMBER_OBJECT_CONVERSION = YES_AGGRESSIVE;
				CLANG_CXX_LANGUAGE_STANDARD = "gnu++20";
				CLANG_ENABLE_MODULES = YES;
				CLANG_ENABLE_OBJC_ARC = YES;
				CLANG_ENABLE_OBJC_WEAK = YES;
				CLANG_WARN_BLOCK_CAPTURE_AUTORELEASING = YES;
				CLANG_WARN_BOOL_CONVERSION = YES;
				CLANG_WARN_COMMA = YES;
				CLANG_WARN_CONSTANT_CONVERSION = YES;
				CLANG_WARN_DEPRECATED_OBJC_IMPLEMENTATIONS = YES;
				CLANG_WARN_DIRECT_OBJC_ISA_USAGE = YES_ERROR;
				CLANG_WARN_DOCUMENTATION_COMMENTS = YES;
				CLANG_WARN_EMPTY_BODY = YES;
				CLANG_WARN_ENUM_CONVERSION = YES;
				CLANG_WARN_INFINITE_RECURSION = YES;
				CLANG_WARN_INT_CONVERSION = YES;
				CLANG_WARN_NON_LITERAL_NULL_CONVERSION = YES;
				CLANG_WARN_OBJC_IMPLICIT_RETAIN_SELF = YES;
				CLANG_WARN_OBJC_LITERAL_CONVERSION = YES;
				CLANG_WARN_OBJC_ROOT_CLASS = YES_ERROR;
				CLANG_WARN_QUOTED_INCLUDE_IN_FRAMEWORK_HEADER = YES;
				CLANG_WARN_RANGE_LOOP_ANALYSIS = YES;
				CLANG_WARN_STRICT_PROTOTYPES = YES;
				CLANG_WARN_SUSPICIOUS_MOVE = YES;
				CLANG_WARN_UNGUARDED_AVAILABILITY = YES_AGGRESSIVE;
				CLANG_WARN_UNREACHABLE_CODE = YES;
				CLANG_WARN__DUPLICATE_METHOD_MATCH = YES;
				COPY_PHASE_STRIP = NO;
				DEBUG_INFORMATION_FORMAT = dwarf;
				DEVELOPMENT_TEAM = 5467B6PB2R;
				ENABLE_STRICT_OBJC_MSGSEND = YES;
				ENABLE_TESTABILITY = YES;
				ENABLE_USER_SCRIPT_SANDBOXING = YES;
				GCC_C_LANGUAGE_STANDARD = gnu17;
				GCC_DYNAMIC_NO_PIC = NO;
				GCC_NO_COMMON_BLOCKS = YES;
				GCC_OPTIMIZATION_LEVEL = 0;
				GCC_PREPROCESSOR_DEFINITIONS = (
					"DEBUG=1",
					"$(inherited)",
				);
				GCC_WARN_64_TO_32_BIT_CONVERSION = YES;
				GCC_WARN_ABOUT_RETURN_TYPE = YES_ERROR;
				GCC_WARN_UNDECLARED_SELECTOR = YES;
				GCC_WARN_UNINITIALIZED_AUTOS = YES_AGGRESSIVE;
				GCC_WARN_UNUSED_FUNCTION = YES;
				GCC_WARN_UNUSED_VARIABLE = YES;
				LOCALIZATION_PREFERS_STRING_CATALOGS = YES;
				MTL_ENABLE_DEBUG_INFO = INCLUDE_SOURCE;
				MTL_FAST_MATH = YES;
				ONLY_ACTIVE_ARCH = YES;
				SWIFT_ACTIVE_COMPILATION_CONDITIONS = "DEBUG $(inherited)";
				SWIFT_OPTIMIZATION_LEVEL = "-Onone";
			};
			name = Debug;
		};
		B72FE80E2F8B92FA00B6FF9D /* Release */ = {
			isa = XCBuildConfiguration;
			buildSettings = {
				ALWAYS_SEARCH_USER_PATHS = NO;
				ASSETCATALOG_COMPILER_GENERATE_SWIFT_ASSET_SYMBOL_EXTENSIONS = YES;
				CLANG_ANALYZER_NONNULL = YES;
				CLANG_ANALYZER_NUMBER_OBJECT_CONVERSION = YES_AGGRESSIVE;
				CLANG_CXX_LANGUAGE_STANDARD = "gnu++20";
				CLANG_ENABLE_MODULES = YES;
				CLANG_ENABLE_OBJC_ARC = YES;
				CLANG_ENABLE_OBJC_WEAK = YES;
				CLANG_WARN_BLOCK_CAPTURE_AUTORELEASING = YES;
				CLANG_WARN_BOOL_CONVERSION = YES;
				CLANG_WARN_COMMA = YES;
				CLANG_WARN_CONSTANT_CONVERSION = YES;
				CLANG_WARN_DEPRECATED_OBJC_IMPLEMENTATIONS = YES;
				CLANG_WARN_DIRECT_OBJC_ISA_USAGE = YES_ERROR;
				CLANG_WARN_DOCUMENTATION_COMMENTS = YES;
				CLANG_WARN_EMPTY_BODY = YES;
				CLANG_WARN_ENUM_CONVERSION = YES;
				CLANG_WARN_INFINITE_RECURSION = YES;
				CLANG_WARN_INT_CONVERSION = YES;
				CLANG_WARN_NON_LITERAL_NULL_CONVERSION = YES;
				CLANG_WARN_OBJC_IMPLICIT_RETAIN_SELF = YES;
				CLANG_WARN_OBJC_LITERAL_CONVERSION = YES;
				CLANG_WARN_OBJC_ROOT_CLASS = YES_ERROR;
				CLANG_WARN_QUOTED_INCLUDE_IN_FRAMEWORK_HEADER = YES;
				CLANG_WARN_RANGE_LOOP_ANALYSIS = YES;
				CLANG_WARN_STRICT_PROTOTYPES = YES;
				CLANG_WARN_SUSPICIOUS_MOVE = YES;
				CLANG_WARN_UNGUARDED_AVAILABILITY = YES_AGGRESSIVE;
				CLANG_WARN_UNREACHABLE_CODE = YES;
				CLANG_WARN__DUPLICATE_METHOD_MATCH = YES;
				COPY_PHASE_STRIP = NO;
				DEBUG_INFORMATION_FORMAT = "dwarf-with-dsym";
				DEVELOPMENT_TEAM = 5467B6PB2R;
				ENABLE_NS_ASSERTIONS = NO;
				ENABLE_STRICT_OBJC_MSGSEND = YES;
				ENABLE_USER_SCRIPT_SANDBOXING = YES;
				GCC_C_LANGUAGE_STANDARD = gnu17;
				GCC_NO_COMMON_BLOCKS = YES;
				GCC_WARN_64_TO_32_BIT_CONVERSION = YES;
				GCC_WARN_ABOUT_RETURN_TYPE = YES_ERROR;
				GCC_WARN_UNDECLARED_SELECTOR = YES;
				GCC_WARN_UNINITIALIZED_AUTOS = YES_AGGRESSIVE;
				GCC_WARN_UNUSED_FUNCTION = YES;
				GCC_WARN_UNUSED_VARIABLE = YES;
				LOCALIZATION_PREFERS_STRING_CATALOGS = YES;
				MTL_ENABLE_DEBUG_INFO = NO;
				MTL_FAST_MATH = YES;
				SWIFT_COMPILATION_MODE = wholemodule;
			};
			name = Release;
		};
		B72FE8102F8B92FA00B6FF9D /* Debug */ = {
			isa = XCBuildConfiguration;
			buildSettings = {
				BUNDLE_LOADER = "$(TEST_HOST)";
				CODE_SIGN_STYLE = Automatic;
				CURRENT_PROJECT_VERSION = 6;
				DEVELOPMENT_TEAM = 5467B6PB2R;
				GENERATE_INFOPLIST_FILE = YES;
				IPHONEOS_DEPLOYMENT_TARGET = 26.0;
				MACOSX_DEPLOYMENT_TARGET = 26.0;
				MARKETING_VERSION = 1.4.0;
				PRODUCT_BUNDLE_IDENTIFIER = com.enerjiktech.VittoraTests;
				PRODUCT_NAME = "$(TARGET_NAME)";
				SDKROOT = auto;
				STRING_CATALOG_GENERATE_SYMBOLS = NO;
				SUPPORTED_PLATFORMS = "iphoneos iphonesimulator macosx";
				SWIFT_APPROACHABLE_CONCURRENCY = YES;
				SWIFT_EMIT_LOC_STRINGS = NO;
				SWIFT_STRICT_CONCURRENCY = complete;
				SWIFT_UPCOMING_FEATURE_MEMBER_IMPORT_VISIBILITY = YES;
				SWIFT_VERSION = 6.0;
				TARGETED_DEVICE_FAMILY = "1,2";
				TEST_HOST = "$(BUILT_PRODUCTS_DIR)/Vittora.app/$(BUNDLE_EXECUTABLE_FOLDER_PATH)/Vittora";
				XROS_DEPLOYMENT_TARGET = 26.0;
			};
			name = Debug;
		};
		B72FE8112F8B92FA00B6FF9D /* Release */ = {
			isa = XCBuildConfiguration;
			buildSettings = {
				BUNDLE_LOADER = "$(TEST_HOST)";
				CODE_SIGN_STYLE = Automatic;
				CURRENT_PROJECT_VERSION = 6;
				DEVELOPMENT_TEAM = 5467B6PB2R;
				GENERATE_INFOPLIST_FILE = YES;
				IPHONEOS_DEPLOYMENT_TARGET = 26.0;
				MACOSX_DEPLOYMENT_TARGET = 26.0;
				MARKETING_VERSION = 1.4.0;
				PRODUCT_BUNDLE_IDENTIFIER = com.enerjiktech.VittoraTests;
				PRODUCT_NAME = "$(TARGET_NAME)";
				SDKROOT = auto;
				STRING_CATALOG_GENERATE_SYMBOLS = NO;
				SUPPORTED_PLATFORMS = "iphoneos iphonesimulator macosx";
				SWIFT_APPROACHABLE_CONCURRENCY = YES;
				SWIFT_EMIT_LOC_STRINGS = NO;
				SWIFT_STRICT_CONCURRENCY = complete;
				SWIFT_UPCOMING_FEATURE_MEMBER_IMPORT_VISIBILITY = YES;
				SWIFT_VERSION = 6.0;
				TARGETED_DEVICE_FAMILY = "1,2";
				TEST_HOST = "$(BUILT_PRODUCTS_DIR)/Vittora.app/$(BUNDLE_EXECUTABLE_FOLDER_PATH)/Vittora";
				XROS_DEPLOYMENT_TARGET = 26.0;
			};
			name = Release;
		};
		B72FE8132F8B92FA00B6FF9D /* Debug */ = {
			isa = XCBuildConfiguration;
			buildSettings = {
				CODE_SIGN_STYLE = Automatic;
				CURRENT_PROJECT_VERSION = 6;
				DEVELOPMENT_TEAM = 5467B6PB2R;
				GENERATE_INFOPLIST_FILE = YES;
				IPHONEOS_DEPLOYMENT_TARGET = 26.0;
				MACOSX_DEPLOYMENT_TARGET = 26.0;
				MARKETING_VERSION = 1.4.0;
				PRODUCT_BUNDLE_IDENTIFIER = com.enerjiktech.VittoraUITests;
				PRODUCT_NAME = "$(TARGET_NAME)";
				SDKROOT = auto;
				STRING_CATALOG_GENERATE_SYMBOLS = NO;
				SUPPORTED_PLATFORMS = "iphoneos iphonesimulator macosx";
				SWIFT_APPROACHABLE_CONCURRENCY = YES;
				SWIFT_EMIT_LOC_STRINGS = NO;
				SWIFT_STRICT_CONCURRENCY = complete;
				SWIFT_UPCOMING_FEATURE_MEMBER_IMPORT_VISIBILITY = YES;
				SWIFT_VERSION = 6.0;
				TARGETED_DEVICE_FAMILY = "1,2";
				TEST_TARGET_NAME = Vittora;
				XROS_DEPLOYMENT_TARGET = 26.0;
			};
			name = Debug;
		};
		B72FE8142F8B92FA00B6FF9D /* Release */ = {
			isa = XCBuildConfiguration;
			buildSettings = {
				CODE_SIGN_STYLE = Automatic;
				CURRENT_PROJECT_VERSION = 6;
				DEVELOPMENT_TEAM = 5467B6PB2R;
				GENERATE_INFOPLIST_FILE = YES;
				IPHONEOS_DEPLOYMENT_TARGET = 26.0;
				MACOSX_DEPLOYMENT_TARGET = 26.0;
				MARKETING_VERSION = 1.4.0;
				PRODUCT_BUNDLE_IDENTIFIER = com.enerjiktech.VittoraUITests;
				PRODUCT_NAME = "$(TARGET_NAME)";
				SDKROOT = auto;
				STRING_CATALOG_GENERATE_SYMBOLS = NO;
				SUPPORTED_PLATFORMS = "iphoneos iphonesimulator macosx";
				SWIFT_APPROACHABLE_CONCURRENCY = YES;
				SWIFT_EMIT_LOC_STRINGS = NO;
				SWIFT_STRICT_CONCURRENCY = complete;
				SWIFT_UPCOMING_FEATURE_MEMBER_IMPORT_VISIBILITY = YES;
				SWIFT_VERSION = 6.0;
				TARGETED_DEVICE_FAMILY = "1,2";
				TEST_TARGET_NAME = Vittora;
				XROS_DEPLOYMENT_TARGET = 26.0;
			};
			name = Release;
		};
		F101A001A2B3000000000F /* Debug */ = {
			isa = XCBuildConfiguration;
			buildSettings = {
				CODE_SIGN_ENTITLEMENTS = VittoraWatch/VittoraWatch.entitlements;
				CODE_SIGN_STYLE = Automatic;
				CURRENT_PROJECT_VERSION = 6;
				DEVELOPMENT_TEAM = 5467B6PB2R;
				ENABLE_PREVIEWS = YES;
				GENERATE_INFOPLIST_FILE = YES;
				INFOPLIST_FILE = VittoraWatch/Info.plist;
				INFOPLIST_KEY_CFBundleDisplayName = Vittora;
				INFOPLIST_KEY_WKCompanionAppBundleIdentifier = com.enerjiktech.vittora;
				INFOPLIST_KEY_WKRunsIndependentlyOfCompanionApp = NO;
				LD_RUNPATH_SEARCH_PATHS = (
					"$(inherited)",
					"@executable_path/Frameworks",
				);
				MARKETING_VERSION = 1.4.0;
				ASSETCATALOG_COMPILER_APPICON_NAME = AppIcon;
				PRODUCT_BUNDLE_IDENTIFIER = com.enerjiktech.vittora.watchkitapp;
				PRODUCT_NAME = "$(TARGET_NAME)";
				SDKROOT = watchos;
				SKIP_INSTALL = YES;
				STRING_CATALOG_GENERATE_SYMBOLS = YES;
				SUPPORTED_PLATFORMS = "watchos watchsimulator";
				SWIFT_APPROACHABLE_CONCURRENCY = YES;
				SWIFT_DEFAULT_ACTOR_ISOLATION = MainActor;
				SWIFT_EMIT_LOC_STRINGS = YES;
				SWIFT_STRICT_CONCURRENCY = complete;
				SWIFT_UPCOMING_FEATURE_MEMBER_IMPORT_VISIBILITY = YES;
				SWIFT_VERSION = 6.0;
				TARGETED_DEVICE_FAMILY = 4;
				WATCHOS_DEPLOYMENT_TARGET = 26.0;
			};
			name = Debug;
		};
		F101A001A2B30000000010 /* Release */ = {
			isa = XCBuildConfiguration;
			buildSettings = {
				CODE_SIGN_ENTITLEMENTS = VittoraWatch/VittoraWatch.entitlements;
				CODE_SIGN_STYLE = Automatic;
				CURRENT_PROJECT_VERSION = 6;
				DEVELOPMENT_TEAM = 5467B6PB2R;
				ENABLE_PREVIEWS = YES;
				GENERATE_INFOPLIST_FILE = YES;
				INFOPLIST_FILE = VittoraWatch/Info.plist;
				INFOPLIST_KEY_CFBundleDisplayName = Vittora;
				INFOPLIST_KEY_WKCompanionAppBundleIdentifier = com.enerjiktech.vittora;
				INFOPLIST_KEY_WKRunsIndependentlyOfCompanionApp = NO;
				LD_RUNPATH_SEARCH_PATHS = (
					"$(inherited)",
					"@executable_path/Frameworks",
				);
				MARKETING_VERSION = 1.4.0;
				ASSETCATALOG_COMPILER_APPICON_NAME = AppIcon;
				PRODUCT_BUNDLE_IDENTIFIER = com.enerjiktech.vittora.watchkitapp;
				PRODUCT_NAME = "$(TARGET_NAME)";
				SDKROOT = watchos;
				SKIP_INSTALL = YES;
				STRING_CATALOG_GENERATE_SYMBOLS = YES;
				SUPPORTED_PLATFORMS = "watchos watchsimulator";
				SWIFT_APPROACHABLE_CONCURRENCY = YES;
				SWIFT_DEFAULT_ACTOR_ISOLATION = MainActor;
				SWIFT_EMIT_LOC_STRINGS = YES;
				SWIFT_STRICT_CONCURRENCY = complete;
				SWIFT_UPCOMING_FEATURE_MEMBER_IMPORT_VISIBILITY = YES;
				SWIFT_VERSION = 6.0;
				TARGETED_DEVICE_FAMILY = 4;
				WATCHOS_DEPLOYMENT_TARGET = 26.0;
			};
			name = Release;
		};
		F103A001A2B3000000000F /* Debug */ = {
			isa = XCBuildConfiguration;
			buildSettings = {
				APPLICATION_EXTENSION_API_ONLY = YES;
				CODE_SIGN_ENTITLEMENTS = VittoraWatchWidgets/VittoraWatchWidgets.entitlements;
				CODE_SIGN_STYLE = Automatic;
				CURRENT_PROJECT_VERSION = 6;
				DEVELOPMENT_TEAM = 5467B6PB2R;
				GENERATE_INFOPLIST_FILE = YES;
				INFOPLIST_FILE = VittoraWatchWidgets/Info.plist;
				INFOPLIST_KEY_CFBundleDisplayName = Vittora;
				LD_RUNPATH_SEARCH_PATHS = (
					"$(inherited)",
					"@executable_path/Frameworks",
					"@executable_path/../../Frameworks",
				);
				MARKETING_VERSION = 1.4.0;
				PRODUCT_BUNDLE_IDENTIFIER = com.enerjiktech.vittora.watchkitapp.widgets;
				PRODUCT_NAME = "$(TARGET_NAME)";
				REGISTER_APP_GROUPS = YES;
				SDKROOT = watchos;
				SKIP_INSTALL = YES;
				STRING_CATALOG_GENERATE_SYMBOLS = YES;
				SUPPORTED_PLATFORMS = "watchos watchsimulator";
				SWIFT_APPROACHABLE_CONCURRENCY = YES;
				SWIFT_EMIT_LOC_STRINGS = YES;
				SWIFT_STRICT_CONCURRENCY = complete;
				SWIFT_UPCOMING_FEATURE_MEMBER_IMPORT_VISIBILITY = YES;
				SWIFT_VERSION = 6.0;
				TARGETED_DEVICE_FAMILY = 4;
				WATCHOS_DEPLOYMENT_TARGET = 26.0;
			};
			name = Debug;
		};
		F103A001A2B30000000010 /* Release */ = {
			isa = XCBuildConfiguration;
			buildSettings = {
				APPLICATION_EXTENSION_API_ONLY = YES;
				CODE_SIGN_ENTITLEMENTS = VittoraWatchWidgets/VittoraWatchWidgets.entitlements;
				CODE_SIGN_STYLE = Automatic;
				CURRENT_PROJECT_VERSION = 6;
				DEVELOPMENT_TEAM = 5467B6PB2R;
				GENERATE_INFOPLIST_FILE = YES;
				INFOPLIST_FILE = VittoraWatchWidgets/Info.plist;
				INFOPLIST_KEY_CFBundleDisplayName = Vittora;
				LD_RUNPATH_SEARCH_PATHS = (
					"$(inherited)",
					"@executable_path/Frameworks",
					"@executable_path/../../Frameworks",
				);
				MARKETING_VERSION = 1.4.0;
				PRODUCT_BUNDLE_IDENTIFIER = com.enerjiktech.vittora.watchkitapp.widgets;
				PRODUCT_NAME = "$(TARGET_NAME)";
				REGISTER_APP_GROUPS = YES;
				SDKROOT = watchos;
				SKIP_INSTALL = YES;
				STRING_CATALOG_GENERATE_SYMBOLS = YES;
				SUPPORTED_PLATFORMS = "watchos watchsimulator";
				SWIFT_APPROACHABLE_CONCURRENCY = YES;
				SWIFT_EMIT_LOC_STRINGS = YES;
				SWIFT_STRICT_CONCURRENCY = complete;
				SWIFT_UPCOMING_FEATURE_MEMBER_IMPORT_VISIBILITY = YES;
				SWIFT_VERSION = 6.0;
				TARGETED_DEVICE_FAMILY = 4;
				WATCHOS_DEPLOYMENT_TARGET = 26.0;
			};
			name = Release;
		};
		FA2EEA77C919451890F924E0 /* Debug */ = {
			isa = XCBuildConfiguration;
			buildSettings = {
				CODE_SIGN_ENTITLEMENTS = VittoraWidgets/VittoraWidgets.entitlements;
				CODE_SIGN_STYLE = Automatic;
				CURRENT_PROJECT_VERSION = 6;
				DEVELOPMENT_TEAM = 5467B6PB2R;
				GENERATE_INFOPLIST_FILE = YES;
				INFOPLIST_FILE = VittoraWidgets/Info.plist;
				INFOPLIST_KEY_CFBundleDisplayName = Vittora;
				INFOPLIST_KEY_NSHumanReadableCopyright = "";
				IPHONEOS_DEPLOYMENT_TARGET = 26.0;
				LD_RUNPATH_SEARCH_PATHS = (
					"$(inherited)",
					"@executable_path/Frameworks",
					"@executable_path/../../Frameworks",
				);
				MARKETING_VERSION = 1.4.0;
				PRODUCT_BUNDLE_IDENTIFIER = com.enerjiktech.vittora.widgets;
				PRODUCT_NAME = "$(TARGET_NAME)";
				REGISTER_APP_GROUPS = YES;
				SDKROOT = iphoneos;
				SKIP_INSTALL = YES;
				STRING_CATALOG_GENERATE_SYMBOLS = YES;
				SUPPORTED_PLATFORMS = "iphoneos iphonesimulator";
				SUPPORTS_MACCATALYST = NO;
				SWIFT_APPROACHABLE_CONCURRENCY = YES;
				SWIFT_EMIT_LOC_STRINGS = YES;
				SWIFT_STRICT_CONCURRENCY = complete;
				SWIFT_UPCOMING_FEATURE_MEMBER_IMPORT_VISIBILITY = YES;
				SWIFT_VERSION = 6.0;
				TARGETED_DEVICE_FAMILY = "1,2";
			};
			name = Debug;
		};
/* End XCBuildConfiguration section */

/* Begin XCConfigurationList section */
		A23204D6149F427989EA5AE7 /* Build configuration list for PBXNativeTarget "VittoraWidgets" */ = {
			isa = XCConfigurationList;
			buildConfigurations = (
				FA2EEA77C919451890F924E0 /* Debug */,
				86ADF786299C4464848D2A2D /* Release */,
			);
			defaultConfigurationIsVisible = 0;
			defaultConfigurationName = Release;
		};
		B72FE7E12F8B92F900B6FF9D /* Build configuration list for PBXProject "Vittora" */ = {
			isa = XCConfigurationList;
			buildConfigurations = (
				B72FE80D2F8B92FA00B6FF9D /* Debug */,
				B72FE80E2F8B92FA00B6FF9D /* Release */,
			);
			defaultConfigurationIsVisible = 0;
			defaultConfigurationName = Release;
		};
		B72FE80A2F8B92FA00B6FF9D /* Build configuration list for PBXNativeTarget "Vittora" */ = {
			isa = XCConfigurationList;
			buildConfigurations = (
				B72FE80B2F8B92FA00B6FF9D /* Debug */,
				B72FE80C2F8B92FA00B6FF9D /* Release */,
			);
			defaultConfigurationIsVisible = 0;
			defaultConfigurationName = Release;
		};
		B72FE80F2F8B92FA00B6FF9D /* Build configuration list for PBXNativeTarget "VittoraTests" */ = {
			isa = XCConfigurationList;
			buildConfigurations = (
				B72FE8102F8B92FA00B6FF9D /* Debug */,
				B72FE8112F8B92FA00B6FF9D /* Release */,
			);
			defaultConfigurationIsVisible = 0;
			defaultConfigurationName = Release;
		};
		B72FE8122F8B92FA00B6FF9D /* Build configuration list for PBXNativeTarget "VittoraUITests" */ = {
			isa = XCConfigurationList;
			buildConfigurations = (
				B72FE8132F8B92FA00B6FF9D /* Debug */,
				B72FE8142F8B92FA00B6FF9D /* Release */,
			);
			defaultConfigurationIsVisible = 0;
			defaultConfigurationName = Release;
		};
		F101A001A2B3000000000E /* Build configuration list for PBXNativeTarget "VittoraWatch" */ = {
			isa = XCConfigurationList;
			buildConfigurations = (
				F101A001A2B3000000000F /* Debug */,
				F101A001A2B30000000010 /* Release */,
			);
			defaultConfigurationIsVisible = 0;
			defaultConfigurationName = Release;
		};
		F103A001A2B3000000000E /* Build configuration list for PBXNativeTarget "VittoraWatchWidgets" */ = {
			isa = XCConfigurationList;
			buildConfigurations = (
				F103A001A2B3000000000F /* Debug */,
				F103A001A2B30000000010 /* Release */,
			);
			defaultConfigurationIsVisible = 0;
			defaultConfigurationName = Release;
		};
/* End XCConfigurationList section */

/* Begin XCLocalSwiftPackageReference section */
		D72FE9012F8B93AA00B6FF9D /* XCLocalSwiftPackageReference "Packages/VittoraCore" */ = {
			isa = XCLocalSwiftPackageReference;
			relativePath = Packages/VittoraCore;
		};
/* End XCLocalSwiftPackageReference section */

/* Begin XCSwiftPackageProductDependency section */
		A8F5003D38B14A1DB173235D /* VittoraCore */ = {
			isa = XCSwiftPackageProductDependency;
			package = D72FE9012F8B93AA00B6FF9D /* XCLocalSwiftPackageReference "Packages/VittoraCore" */;
			productName = VittoraCore;
		};
		D72FE9022F8B93AA00B6FF9D /* VittoraCore */ = {
			isa = XCSwiftPackageProductDependency;
			package = D72FE9012F8B93AA00B6FF9D /* XCLocalSwiftPackageReference "Packages/VittoraCore" */;
			productName = VittoraCore;
		};
		D72FE9032F8B93AA00B6FF9D /* VittoraCore */ = {
			isa = XCSwiftPackageProductDependency;
			package = D72FE9012F8B93AA00B6FF9D /* XCLocalSwiftPackageReference "Packages/VittoraCore" */;
			productName = VittoraCore;
		};
		F101A001A2B30000000009 /* VittoraCore */ = {
			isa = XCSwiftPackageProductDependency;
			package = D72FE9012F8B93AA00B6FF9D /* XCLocalSwiftPackageReference "Packages/VittoraCore" */;
			productName = VittoraCore;
		};
		F103A001A2B30000000009 /* VittoraCore */ = {
			isa = XCSwiftPackageProductDependency;
			package = D72FE9012F8B93AA00B6FF9D /* XCLocalSwiftPackageReference "Packages/VittoraCore" */;
			productName = VittoraCore;
		};
/* End XCSwiftPackageProductDependency section */
	};
	rootObject = B72FE7DE2F8B92F900B6FF9D /* Project object */;
}
